{
  "nodes": {
    "disko": {
      "inputs": {
        "nixpkgs": [
          "nixpkgs"
        ]
      },
      "locked": {
        "lastModified": 1739841949,
        "narHash": "sha256-lSOXdgW/1zi/SSu7xp71v+55D5Egz8ACv0STkj7fhbs=",
        "owner": "nix-community",
        "repo": "disko",
        "rev": "15dbf8cebd8e2655a883b74547108e089f051bf0",
        "type": "github"
      },
      "original": {
        "owner": "nix-community",
        "repo": "disko",
        "type": "github"
      }
    },
    "home-manager": {
      "inputs": {
        "nixpkgs": [
          "nixpkgs"
        ]
      },
      "locked": {
        "lastModified": 1740250266,
        "narHash": "sha256-fbB/I4bCsJ++BhRzDaeQmzw/Gt5Lrt1csJ8D2IkQANA=",
        "owner": "nix-community",
        "repo": "home-manager",
        "rev": "61d8fc9af0f8568ffaff93e4001cb607f88790f9",
        "type": "github"
      },
      "original": {
        "owner": "nix-community",
        "repo": "home-manager",
        "type": "github"
      }
    },
    "nixpkgs": {
      "locked": {
        "lastModified": 1739866667,
        "narHash": "sha256-EO1ygNKZlsAC9avfcwHkKGMsmipUk1Uc0TbrEZpkn64=",
        "owner": "nixos",
        "repo": "nixpkgs",
        "rev": "73cf49b8ad837ade2de76f87eb53fc85ed5d4680",
        "type": "github"
      },
      "original": {
        "owner": "nixos",
        "ref": "nixos-unstable",
        "repo": "nixpkgs",
        "type": "github"
      }
    },
    "nixpkgs-stable": {
      "locked": {
        "lastModified": 1739923778,
        "narHash": "sha256-BqUY8tz0AQ4to2Z4+uaKczh81zsGZSYxjgvtw+fvIfM=",
        "owner": "nixos",
        "repo": "nixpkgs",
        "rev": "36864ed72f234b9540da4cf7a0c49e351d30d3f1",
        "type": "github"
      },
      "original": {
        "owner": "nixos",
        "ref": "nixos-24.11",
        "repo": "nixpkgs",
        "type": "github"
      }
    },
    "nixpkgs_2": {
      "locked": {
        "lastModified": 1735471104,
        "narHash": "sha256-0q9NGQySwDQc7RhAV2ukfnu7Gxa5/ybJ2ANT8DQrQrs=",
        "owner": "nixos",
        "repo": "nixpkgs",
        "rev": "88195a94f390381c6afcdaa933c2f6ff93959cb4",
        "type": "github"
      },
      "original": {
        "owner": "nixos",
        "ref": "nixos-unstable",
        "repo": "nixpkgs",
        "type": "github"
      }
    },
    "root": {
      "inputs": {
        "disko": "disko",
        "home-manager": "home-manager",
        "nixpkgs": "nixpkgs",
        "nixpkgs-stable": "nixpkgs-stable",
        "zen-browser": "zen-browser"
      }
    },
    "zen-browser": {
      "inputs": {
        "nixpkgs": "nixpkgs_2"
      },
      "locked": {
        "lastModified": 1739667343,
        "narHash": "sha256-fNEz+Yd0t9jXz27qKRMAEBradTwYBeBLOECx+ydG25s=",
        "owner": "0xc000022070",
        "repo": "zen-browser-flake",
        "rev": "8c7f6ca49f87b4e114f775a4dad956ceb6df4220",
        "type": "github"
      },
      "original": {
        "owner": "0xc000022070",
        "repo": "zen-browser-flake",
        "type": "github"
      }
    }
  },
  "root": "root",
  "version": 7
}
