{
  "nodes": {
    "disko": {
      "inputs": {
        "nixpkgs": [
          "nixpkgs"
        ]
      },
      "locked": {
        "lastModified": 1739841949,
        "narHash": "sha256-lSOXdgW/1zi/SSu7xp71v+55D5Egz8ACv0STkj7fhbs=",
        "owner": "nix-community",
        "repo": "disko",
        "rev": "15dbf8cebd8e2655a883b74547108e089f051bf0",
        "type": "github"
      },
      "original": {
        "owner": "nix-community",
        "repo": "disko",
        "type": "github"
      }
    },
    "home-manager": {
      "inputs": {
        "nixpkgs": [
          "nixpkgs"
        ]
      },
      "locked": {
        "lastModified": 1740344845,
        "narHash": "sha256-5D9LkYjXu+jbdgzpr+jL5HTcH7ONMz6FChH1Nwudn48=",
        "owner": "nix-community",
        "repo": "home-manager",
        "rev": "6a2af4ffb26f812c353415c7316dff0a8b52b525",
        "type": "github"
      },
      "original": {
        "owner": "nix-community",
        "repo": "home-manager",
        "type": "github"
      }
    },
    "nixpkgs": {
      "locked": {
        "lastModified": 1740126099,
        "narHash": "sha256-ozoOtE2hGsqh4XkTJFsrTkNxkRgShxpQxDynaPZUGxk=",
        "owner": "nixos",
        "repo": "nixpkgs",
        "rev": "32fb99ba93fea2798be0e997ea331dd78167f814",
        "type": "github"
      },
      "original": {
        "owner": "nixos",
        "ref": "nixos-unstable",
        "repo": "nixpkgs",
        "type": "github"
      }
    },
    "nixpkgs-stable": {
      "locked": {
        "lastModified": 1740162160,
        "narHash": "sha256-SSYxFhqCOb3aiPb6MmN68yEzBIltfom8IgRz7phHscM=",
        "owner": "nixos",
        "repo": "nixpkgs",
        "rev": "11415c7ae8539d6292f2928317ee7a8410b28bb9",
        "type": "github"
      },
      "original": {
        "owner": "nixos",
        "ref": "nixos-24.11",
        "repo": "nixpkgs",
        "type": "github"
      }
    },
    "nixpkgs_2": {
      "locked": {
        "lastModified": 1735471104,
        "narHash": "sha256-0q9NGQySwDQc7RhAV2ukfnu7Gxa5/ybJ2ANT8DQrQrs=",
        "owner": "nixos",
        "repo": "nixpkgs",
        "rev": "88195a94f390381c6afcdaa933c2f6ff93959cb4",
        "type": "github"
      },
      "original": {
        "owner": "nixos",
        "ref": "nixos-unstable",
        "repo": "nixpkgs",
        "type": "github"
      }
    },
    "root": {
      "inputs": {
        "disko": "disko",
        "home-manager": "home-manager",
        "nixpkgs": "nixpkgs",
        "nixpkgs-stable": "nixpkgs-stable",
        "zen-browser": "zen-browser"
      }
    },
    "zen-browser": {
      "inputs": {
        "nixpkgs": "nixpkgs_2"
      },
      "locked": {
        "lastModified": 1739667343,
        "narHash": "sha256-fNEz+Yd0t9jXz27qKRMAEBradTwYBeBLOECx+ydG25s=",
        "owner": "0xc000022070",
        "repo": "zen-browser-flake",
        "rev": "8c7f6ca49f87b4e114f775a4dad956ceb6df4220",
        "type": "github"
      },
      "original": {
        "owner": "0xc000022070",
        "repo": "zen-browser-flake",
        "type": "github"
      }
    }
  },
  "root": "root",
  "version": 7
}
